PODS:
  - SDWebImage (3.7.5):
    - SDWebImage/Core (= 3.7.5)
  - SDWebImage/Core (3.7.5)
  - SocketRocket (0.4.2)
  - WeexSDK (0.12.0):
    - SocketRocket
  - WXDevtool (0.8.2):
    - WeexSDK

DEPENDENCIES:
  - SDWebImage (= 3.7.5)
  - SocketRocket (= 0.4.2)
  - WeexSDK (= 0.12.0)
  - WXDevtool (= 0.8.2)

SPEC CHECKSUMS:
  SDWebImage: 69c6303e3348fba97e03f65d65d4fbc26740f461
  SocketRocket: ffe08119b00ef982f6c37052a4705a057c8494ad
  WeexSDK: 8573b6e15195d4efc7c786ddc3be6f50d9ccb01c
  WXDevtool: 0a7a1062e0c8ba4e6aa96f910e3a129a0dcdde0c

PODFILE CHECKSUM: fedc44ebb8a9819b8af19c3ac2340162fd3995bc

COCOAPODS: 1.2.1.rc.1
